
Microsoft Visual Studio Solution File, Format Version 12.00
# Visual Studio Version 17
VisualStudioVersion = 17.12.35527.113 d17.12
MinimumVisualStudioVersion = 10.0.40219.1
Project("{FAE04EC0-301F-11D3-BF4B-00C04F79EFBC}") = "MVCPattern.Logic", "MVCPattern.Logic\MVCPattern.Logic.csproj", "{936D1BC1-55B0-4720-A86F-3C0A9F824C6C}"
EndProject
Project("{FAE04EC0-301F-11D3-BF4B-00C04F79EFBC}") = "MVCPattern.ConApp", "MVCPattern.ConApp\MVCPattern.ConApp.csproj", "{3770CFF4-910C-4BEF-BFAD-A483324BA88E}"
EndProject
Global
	GlobalSection(SolutionConfigurationPlatforms) = preSolution
		Debug|Any CPU = Debug|Any CPU
		Release|Any CPU = Release|Any CPU
	EndGlobalSection
	GlobalSection(ProjectConfigurationPlatforms) = postSolution
		{936D1BC1-55B0-4720-A86F-3C0A9F824C6C}.Debug|Any CPU.ActiveCfg = Debug|Any CPU
		{936D1BC1-55B0-4720-A86F-3C0A9F824C6C}.Debug|Any CPU.Build.0 = Debug|Any CPU
		{936D1BC1-55B0-4720-A86F-3C0A9F824C6C}.Release|Any CPU.ActiveCfg = Release|Any CPU
		{936D1BC1-55B0-4720-A86F-3C0A9F824C6C}.Release|Any CPU.Build.0 = Release|Any CPU
		{3770CFF4-910C-4BEF-BFAD-A483324BA88E}.Debug|Any CPU.ActiveCfg = Debug|Any CPU
		{3770CFF4-910C-4BEF-BFAD-A483324BA88E}.Debug|Any CPU.Build.0 = Debug|Any CPU
		{3770CFF4-910C-4BEF-BFAD-A483324BA88E}.Release|Any CPU.ActiveCfg = Release|Any CPU
		{3770CFF4-910C-4BEF-BFAD-A483324BA88E}.Release|Any CPU.Build.0 = Release|Any CPU
	EndGlobalSection
	GlobalSection(SolutionProperties) = preSolution
		HideSolutionNode = FALSE
	EndGlobalSection
EndGlobal
